<?xml version="1.0" encoding="utf-8"?>
<Project ToolsVersion="4.0" xmlns="http://schemas.microsoft.com/developer/msbuild/2003">
  <ItemGroup>
    <Filter Include="KamataEngine">
      <UniqueIdentifier>{4FC737F1-C7A5-4376-A066-2A32D752A2FF}</UniqueIdentifier>
      <Extensions>cpp;c;cc;cxx;c++;cppm;ixx;def;odl;idl;hpj;bat;asm;asmx</Extensions>
    </Filter>
    <Filter Include="KamataEngine\Source">
      <UniqueIdentifier>{d966e9f8-e880-44ae-8586-a08515e4cffc}</UniqueIdentifier>
    </Filter>
    <Filter Include="KamataEngine\Include">
      <UniqueIdentifier>{4aae4e40-94f7-4d32-9a91-c0c37a2edf0d}</UniqueIdentifier>
    </Filter>
    <Filter Include="KamataEngine\Adapter">
      <UniqueIdentifier>{c6468eb4-788b-4a83-b207-a5f4804e56c5}</UniqueIdentifier>
    </Filter>
    <Filter Include="scene">
      <UniqueIdentifier>{4588997b-98e4-4ca1-9847-1a47387adc0a}</UniqueIdentifier>
    </Filter>
    <Filter Include="scene\cppファイル">
      <UniqueIdentifier>{00424f88-485b-4707-bae9-0ad32b101ec4}</UniqueIdentifier>
    </Filter>
    <Filter Include="scene\ヘッダーファイル">
      <UniqueIdentifier>{bbb04746-7b87-4f9f-b7c0-7ef387f95f7d}</UniqueIdentifier>
    </Filter>
    <Filter Include="scene\cppファイル\gameObject">
      <UniqueIdentifier>{ce735e96-1a23-4fd4-8a23-cc509113d234}</UniqueIdentifier>
    </Filter>
    <Filter Include="scene\ヘッダーファイル\gameObject">
      <UniqueIdentifier>{88f1c989-c8c7-4983-82ff-0b3f2217de43}</UniqueIdentifier>
    </Filter>
    <Filter Include="scene\cppファイル\process">
      <UniqueIdentifier>{3fdbdf16-1164-4605-8e59-563838de9f1b}</UniqueIdentifier>
    </Filter>
    <Filter Include="scene\ヘッダーファイル\process">
      <UniqueIdentifier>{c7526081-f1fc-4ad4-8780-1a99ab1f06e3}</UniqueIdentifier>
    </Filter>
  </ItemGroup>
  <ItemGroup>
    <ClCompile Include="C:\KamataEngine\DirectXGame\base\DirectXCommon.cpp">
      <Filter>KamataEngine\Source</Filter>
    </ClCompile>
    <ClCompile Include="C:\KamataEngine\DirectXGame\base\TextureManager.cpp">
      <Filter>KamataEngine\Source</Filter>
    </ClCompile>
    <ClCompile Include="C:\KamataEngine\DirectXGame\scene\GameScene.cpp">
      <Filter>KamataEngine\Source</Filter>
    </ClCompile>
    <ClCompile Include="C:\KamataEngine\DirectXGame\base\WinApp.cpp">
      <Filter>KamataEngine\Source</Filter>
    </ClCompile>
    <ClCompile Include="main.cpp" />
    <ClCompile Include="C:\KamataEngine\Adapter\Novice.cpp">
      <Filter>KamataEngine\Adapter</Filter>
    </ClCompile>
    <ClCompile Include="C:\KamataEngine\DirectXGame\2d\ImGuiManager.cpp">
      <Filter>KamataEngine</Filter>
    </ClCompile>
    <ClCompile Include="C:\KamataEngine\DirectXGame\base\StringUtility.cpp">
      <Filter>KamataEngine\Source</Filter>
    </ClCompile>
    <ClCompile Include="scene\GameLoop.cpp">
      <Filter>scene</Filter>
    </ClCompile>
    <ClCompile Include="scene\gameObject\GameObject.cpp">
      <Filter>scene\cppファイル\gameObject</Filter>
    </ClCompile>
    <ClCompile Include="scene\func\Math.cpp">
      <Filter>scene\cppファイル\process</Filter>
    </ClCompile>
    <ClCompile Include="scene\func\ScreenPrintf.cpp">
      <Filter>scene\cppファイル\process</Filter>
    </ClCompile>
    <ClCompile Include="scene\gameObject\character\triangle\Triangle.cpp">
      <Filter>scene\cppファイル\gameObject</Filter>
    </ClCompile>
    <ClCompile Include="scene\gameObject\camera\Camera.cpp">
      <Filter>scene\cppファイル\gameObject</Filter>
    </ClCompile>
    <ClCompile Include="scene\gameObject\character\Character.cpp">
      <Filter>scene\cppファイル\gameObject</Filter>
    </ClCompile>
    <ClCompile Include="scene\gameObject\character\grid\Grid.cpp">
      <Filter>scene\cppファイル\gameObject</Filter>
    </ClCompile>
    <ClCompile Include="scene\func\Aithmetic.cpp">
      <Filter>scene\cppファイル\process</Filter>
    </ClCompile>
    <ClCompile Include="scene\gameObject\character\sphere\Sphere.cpp">
      <Filter>scene\cppファイル\gameObject</Filter>
    </ClCompile>
    <ClCompile Include="scene\gameObject\character\point\Point.cpp">
      <Filter>scene\cppファイル\gameObject</Filter>
    </ClCompile>
  </ItemGroup>
  <ItemGroup>
    <ClInclude Include="C:\KamataEngine\DirectXGame\audio\Audio.h">
      <Filter>KamataEngine\Include</Filter>
    </ClInclude>
    <ClInclude Include="C:\KamataEngine\DirectXGame\2d\DebugText.h">
      <Filter>KamataEngine\Include</Filter>
    </ClInclude>
    <ClInclude Include="C:\KamataEngine\DirectXGame\base\DirectXCommon.h">
      <Filter>KamataEngine\Include</Filter>
    </ClInclude>
    <ClInclude Include="C:\KamataEngine\DirectXGame\scene\GameScene.h">
      <Filter>KamataEngine\Include</Filter>
    </ClInclude>
    <ClInclude Include="C:\KamataEngine\DirectXGame\input\Input.h">
      <Filter>KamataEngine\Include</Filter>
    </ClInclude>
    <ClInclude Include="C:\KamataEngine\DirectXGame\3d\Model.h">
      <Filter>KamataEngine\Include</Filter>
    </ClInclude>
    <ClInclude Include="C:\KamataEngine\DirectXGame\base\SafeDelete.h">
      <Filter>KamataEngine\Include</Filter>
    </ClInclude>
    <ClInclude Include="C:\KamataEngine\DirectXGame\2d\Sprite.h">
      <Filter>KamataEngine\Include</Filter>
    </ClInclude>
    <ClInclude Include="C:\KamataEngine\DirectXGame\base\TextureManager.h">
      <Filter>KamataEngine\Include</Filter>
    </ClInclude>
    <ClInclude Include="C:\KamataEngine\DirectXGame\3d\ViewProjection.h">
      <Filter>KamataEngine\Include</Filter>
    </ClInclude>
    <ClInclude Include="C:\KamataEngine\DirectXGame\base\WinApp.h">
      <Filter>KamataEngine\Include</Filter>
    </ClInclude>
    <ClInclude Include="C:\KamataEngine\DirectXGame\3d\WorldTransform.h">
      <Filter>KamataEngine\Include</Filter>
    </ClInclude>
    <ClInclude Include="C:\KamataEngine\Adapter\Novice.h">
      <Filter>KamataEngine\Adapter</Filter>
    </ClInclude>
    <ClInclude Include="C:\KamataEngine\DirectXGame\3d\CircleShadow.h">
      <Filter>KamataEngine\Include</Filter>
    </ClInclude>
    <ClInclude Include="C:\KamataEngine\DirectXGame\3d\DebugCamera.h">
      <Filter>KamataEngine\Include</Filter>
    </ClInclude>
    <ClInclude Include="C:\KamataEngine\DirectXGame\3d\DirectionalLight.h">
      <Filter>KamataEngine\Include</Filter>
    </ClInclude>
    <ClInclude Include="C:\KamataEngine\DirectXGame\3d\LightGroup.h">
      <Filter>KamataEngine\Include</Filter>
    </ClInclude>
    <ClInclude Include="C:\KamataEngine\DirectXGame\3d\Material.h">
      <Filter>KamataEngine\Include</Filter>
    </ClInclude>
    <ClInclude Include="C:\KamataEngine\DirectXGame\3d\Mesh.h">
      <Filter>KamataEngine\Include</Filter>
    </ClInclude>
    <ClInclude Include="C:\KamataEngine\DirectXGame\3d\PointLight.h">
      <Filter>KamataEngine\Include</Filter>
    </ClInclude>
    <ClInclude Include="C:\KamataEngine\DirectXGame\3d\SpotLight.h">
      <Filter>KamataEngine\Include</Filter>
    </ClInclude>
    <ClInclude Include="C:\KamataEngine\DirectXGame\math\Matrix4x4.h" />
    <ClInclude Include="C:\KamataEngine\DirectXGame\math\Vector2.h" />
    <ClInclude Include="C:\KamataEngine\DirectXGame\math\Vector3.h" />
    <ClInclude Include="C:\KamataEngine\DirectXGame\math\Vector4.h" />
    <ClInclude Include="C:\KamataEngine\DirectXGame\base\StringUtility.h">
      <Filter>KamataEngine\Include</Filter>
    </ClInclude>
    <ClInclude Include="scene\GameLoop.h">
      <Filter>scene</Filter>
    </ClInclude>
    <ClInclude Include="scene\gameObject\camera\Camera.h">
      <Filter>scene\ヘッダーファイル\gameObject</Filter>
    </ClInclude>
    <ClInclude Include="scene\gameObject\GameObject.h">
      <Filter>scene\ヘッダーファイル\gameObject</Filter>
    </ClInclude>
    <ClInclude Include="scene\func\Aithmetic.h">
      <Filter>scene\ヘッダーファイル\process</Filter>
    </ClInclude>
    <ClInclude Include="scene\func\Math.h">
      <Filter>scene\ヘッダーファイル\process</Filter>
    </ClInclude>
    <ClInclude Include="scene\func\ScreenPrintf.h">
      <Filter>scene\ヘッダーファイル\process</Filter>
    </ClInclude>
    <ClInclude Include="C:\KamataEngine\DirectXGame\2d\ImGuiManager.h">
      <Filter>KamataEngine</Filter>
    </ClInclude>
    <ClInclude Include="scene\gameObject\character\triangle\Triangle.h">
      <Filter>scene\ヘッダーファイル\gameObject</Filter>
    </ClInclude>
    <ClInclude Include="scene\gameObject\character\Character.h">
      <Filter>scene\ヘッダーファイル\gameObject</Filter>
    </ClInclude>
    <ClInclude Include="scene\gameObject\character\grid\Grid.h">
      <Filter>scene\ヘッダーファイル\gameObject</Filter>
    </ClInclude>
    <ClInclude Include="scene\gameObject\character\sphere\Sphere.h">
      <Filter>scene\ヘッダーファイル\gameObject</Filter>
    </ClInclude>
    <ClInclude Include="scene\gameObject\character\point\Point.h">
      <Filter>scene\ヘッダーファイル\gameObject</Filter>
    </ClInclude>
  </ItemGroup>
</Project>